version = 1

[[package]]
source = "github.com/martian56/aviary"
version = "v0.4.0"
hash = "sha256:48bc56232fe31da2e6450baf7681cd4930d8749c1cde0ee1ffbb33a81a051052"

[[package]]
source = "github.com/martian56/magpie"
version = "v0.3.1"
hash = "sha256:e138712ccdb7427c982ef8596bdc828abbe7feffba1e25d1ac6e987c1862abfe"

[[package]]
source = "github.com/martian56/perch"
version = "v0.2.0"
hash = "sha256:1cd7fb9a1bc06bac437bb02e60ef02f9b44c9acdb963f4c51528d53544760da0"

[[package]]
source = "github.com/martian56/plumage"
version = "v0.3.1"
hash = "sha256:40be295012b16fb2158fe396a0c4d5a1ac1e95f2c898b14014428ffdfb29e410"

[[package]]
source = "github.com/martian56/wingspan"
version = "v0.1.0"
hash = "sha256:62a44a25ce83a6a93a99439972ae79837e43d2ffd1dfa134fa48609b85a1887d"
